{
  "name": "AoC",
  "version": "1.0.0",
  "lockfileVersion": 1,
  "requires": true,
  "dependencies": {
    "combinatorics": {
      "version": "0.1.0",
      "resolved": "https://registry.npmjs.org/combinatorics/-/combinatorics-0.1.0.tgz",
      "integrity": "sha1-qbF2mo6lQROzAZKAfefa6CWUFoE="
    },
    "js-combinatorics": {
      "version": "1.4.5",
      "resolved": "https://registry.npmjs.org/js-combinatorics/-/js-combinatorics-1.4.5.tgz",
      "integrity": "sha512-lIBPgsZnIK5S8kCyTUY4L34Kq5YXj2LXyk9WJDPsK6iklV96+ZahxIsgHtXcwHhG9XZhqrS1EbnaEkUh5gyXdg=="
    }
  }
}
